
Microsoft Visual Studio Solution File, Format Version 12.00
# Visual Studio Version 17
VisualStudioVersion = 17.3.32922.545
MinimumVisualStudioVersion = 10.0.40219.1
Project("{FAE04EC0-301F-11D3-BF4B-00C04F79EFBC}") = "InlämningsUppgift2", "InlämningsUppgift2\InlämningsUppgift2.csproj", "{51AC64CB-DE44-4ADB-88C4-22C9085732E5}"
EndProject
Global
	GlobalSection(SolutionConfigurationPlatforms) = preSolution
		Debug|Any CPU = Debug|Any CPU
		Release|Any CPU = Release|Any CPU
	EndGlobalSection
	GlobalSection(ProjectConfigurationPlatforms) = postSolution
		{51AC64CB-DE44-4ADB-88C4-22C9085732E5}.Debug|Any CPU.ActiveCfg = Debug|Any CPU
		{51AC64CB-DE44-4ADB-88C4-22C9085732E5}.Debug|Any CPU.Build.0 = Debug|Any CPU
		{51AC64CB-DE44-4ADB-88C4-22C9085732E5}.Release|Any CPU.ActiveCfg = Release|Any CPU
		{51AC64CB-DE44-4ADB-88C4-22C9085732E5}.Release|Any CPU.Build.0 = Release|Any CPU
	EndGlobalSection
	GlobalSection(SolutionProperties) = preSolution
		HideSolutionNode = FALSE
	EndGlobalSection
	GlobalSection(ExtensibilityGlobals) = postSolution
		SolutionGuid = {FE2D8627-1B8A-41EA-8BBF-C438FA5D0281}
	EndGlobalSection
EndGlobal
